// !$*UTF8*$!
{
	archiveVersion = 1;
	classes = {
	};
	objectVersion = 77;
	objects = {

/* Begin PBXBuildFile section */
		15F228D1169E4F7F3E3D8D02 /* Foundation.framework in Frameworks */ = {isa = PBXBuildFile; fileRef = 27CFC01EDC5A94196BF7C862 /* Foundation.framework */; };
		3D311E4CCE20732617BF000E /* daily-verse-feed.json in Resources */ = {isa = PBXBuildFile; fileRef = 26BDA9672AB44D0877EB4CEB /* daily-verse-feed.json */; };
		4A18BBEC1BC8CFFE17FC6A28 /* DailyVerseWidget.swift in Sources */ = {isa = PBXBuildFile; fileRef = 2CB680D997312217AFBB4AD8 /* DailyVerseWidget.swift */; };
		A0C6A42D66C6FDDDAB7877F8 /* onevisioonWidgetsBundle.swift in Sources */ = {isa = PBXBuildFile; fileRef = 04C57439DA3EF6A01CFF717F /* onevisioonWidgetsBundle.swift */; };
		EB6D3C78A681EA3C91029C0D /* onevisioonWidgets.appex in Embed App Extensions */ = {isa = PBXBuildFile; fileRef = 17D2E6FBDD9F3F0A88538D19 /* onevisioonWidgets.appex */; settings = {ATTRIBUTES = (CodeSignOnCopy, RemoveHeadersOnCopy, ); }; };
/* End PBXBuildFile section */

/* Begin PBXContainerItemProxy section */
		B4C454542F5ABA1400282297 /* PBXContainerItemProxy */ = {
			isa = PBXContainerItemProxy;
			containerPortal = B4C4543C2F5ABA1300282297 /* Project object */;
			proxyType = 1;
			remoteGlobalIDString = B4C454432F5ABA1300282297;
			remoteInfo = onevisioon;
		};
		B4C4545E2F5ABA1400282297 /* PBXContainerItemProxy */ = {
			isa = PBXContainerItemProxy;
			containerPortal = B4C4543C2F5ABA1300282297 /* Project object */;
			proxyType = 1;
			remoteGlobalIDString = B4C454432F5ABA1300282297;
			remoteInfo = onevisioon;
		};
		D97F46CE14E76FC05A7772DE /* PBXContainerItemProxy */ = {
			isa = PBXContainerItemProxy;
			containerPortal = B4C4543C2F5ABA1300282297 /* Project object */;
			proxyType = 1;
			remoteGlobalIDString = 2C645A1827648ECB7935096C;
			remoteInfo = onevisioonWidgets;
		};
/* End PBXContainerItemProxy section */

/* Begin PBXCopyFilesBuildPhase section */
		4F9606FBF8DFB0ABC7670C6C /* Embed App Extensions */ = {
			isa = PBXCopyFilesBuildPhase;
			buildActionMask = 2147483647;
			dstPath = "";
			dstSubfolderSpec = 13;
			files = (
				EB6D3C78A681EA3C91029C0D /* onevisioonWidgets.appex in Embed App Extensions */,
			);
			name = "Embed App Extensions";
			runOnlyForDeploymentPostprocessing = 0;
		};
/* End PBXCopyFilesBuildPhase section */

/* Begin PBXFileReference section */
		04C57439DA3EF6A01CFF717F /* onevisioonWidgetsBundle.swift */ = {isa = PBXFileReference; includeInIndex = 1; lastKnownFileType = sourcecode.swift; path = onevisioonWidgetsBundle.swift; sourceTree = "<group>"; };
		17D2E6FBDD9F3F0A88538D19 /* onevisioonWidgets.appex */ = {isa = PBXFileReference; explicitFileType = "wrapper.app-extension"; includeInIndex = 0; path = onevisioonWidgets.appex; sourceTree = BUILT_PRODUCTS_DIR; };
		26BDA9672AB44D0877EB4CEB /* daily-verse-feed.json */ = {isa = PBXFileReference; includeInIndex = 1; lastKnownFileType = text.json; path = "daily-verse-feed.json"; sourceTree = "<group>"; };
		27CFC01EDC5A94196BF7C862 /* Foundation.framework */ = {isa = PBXFileReference; lastKnownFileType = wrapper.framework; name = Foundation.framework; path = Platforms/iPhoneOS.platform/Developer/SDKs/iPhoneOS18.0.sdk/System/Library/Frameworks/Foundation.framework; sourceTree = DEVELOPER_DIR; };
		2CB680D997312217AFBB4AD8 /* DailyVerseWidget.swift */ = {isa = PBXFileReference; includeInIndex = 1; lastKnownFileType = sourcecode.swift; path = DailyVerseWidget.swift; sourceTree = "<group>"; };
		832D1055B061E59DDDEBDAD6 /* Info.plist */ = {isa = PBXFileReference; includeInIndex = 1; lastKnownFileType = text.plist.xml; path = Info.plist; sourceTree = "<group>"; };
		B4C454442F5ABA1300282297 /* onevisioon.app */ = {isa = PBXFileReference; explicitFileType = wrapper.application; includeInIndex = 0; path = onevisioon.app; sourceTree = BUILT_PRODUCTS_DIR; };
		B4C454532F5ABA1400282297 /* onevisioonTests.xctest */ = {isa = PBXFileReference; explicitFileType = wrapper.cfbundle; includeInIndex = 0; path = onevisioonTests.xctest; sourceTree = BUILT_PRODUCTS_DIR; };
		B4C4545D2F5ABA1400282297 /* onevisioonUITests.xctest */ = {isa = PBXFileReference; explicitFileType = wrapper.cfbundle; includeInIndex = 0; path = onevisioonUITests.xctest; sourceTree = BUILT_PRODUCTS_DIR; };
/* End PBXFileReference section */

/* Begin PBXFileSystemSynchronizedBuildFileExceptionSet section */
		B48FB23F2F5E8C9A001B02B7 /* Exceptions for "onevisioon" folder in "onevisioon" target */ = {
			isa = PBXFileSystemSynchronizedBuildFileExceptionSet;
			membershipExceptions = (
				Theme/onevisioonUITests.swift,
			);
			target = B4C454432F5ABA1300282297 /* onevisioon */;
		};
		B48FB2402F5E8C9A001B02B7 /* Exceptions for "onevisioon" folder in "onevisioonUITests" target */ = {
			isa = PBXFileSystemSynchronizedBuildFileExceptionSet;
			membershipExceptions = (
				Theme/onevisioonUITests.swift,
			);
			target = B4C4545C2F5ABA1400282297 /* onevisioonUITests */;
		};
/* End PBXFileSystemSynchronizedBuildFileExceptionSet section */

/* Begin PBXFileSystemSynchronizedRootGroup section */
		B4C454462F5ABA1300282297 /* onevisioon */ = {
			isa = PBXFileSystemSynchronizedRootGroup;
			exceptions = (
				B48FB23F2F5E8C9A001B02B7 /* Exceptions for "onevisioon" folder in "onevisioon" target */,
				B48FB2402F5E8C9A001B02B7 /* Exceptions for "onevisioon" folder in "onevisioonUITests" target */,
			);
			path = onevisioon;
			sourceTree = "<group>";
		};
		B4C454562F5ABA1400282297 /* onevisioonTests */ = {
			isa = PBXFileSystemSynchronizedRootGroup;
			path = onevisioonTests;
			sourceTree = "<group>";
		};
		B4C454602F5ABA1400282297 /* onevisioonUITests */ = {
			isa = PBXFileSystemSynchronizedRootGroup;
			path = onevisioonUITests;
			sourceTree = "<group>";
		};
/* End PBXFileSystemSynchronizedRootGroup section */

/* Begin PBXFrameworksBuildPhase section */
		B4C454412F5ABA1300282297 /* Frameworks */ = {
			isa = PBXFrameworksBuildPhase;
			buildActionMask = 2147483647;
			files = (
			);
			runOnlyForDeploymentPostprocessing = 0;
		};
		B4C454502F5ABA1400282297 /* Frameworks */ = {
			isa = PBXFrameworksBuildPhase;
			buildActionMask = 2147483647;
			files = (
			);
			runOnlyForDeploymentPostprocessing = 0;
		};
		B4C4545A2F5ABA1400282297 /* Frameworks */ = {
			isa = PBXFrameworksBuildPhase;
			buildActionMask = 2147483647;
			files = (
			);
			runOnlyForDeploymentPostprocessing = 0;
		};
		F979FB0F14A29A2633295E06 /* Frameworks */ = {
			isa = PBXFrameworksBuildPhase;
			buildActionMask = 2147483647;
			files = (
				15F228D1169E4F7F3E3D8D02 /* Foundation.framework in Frameworks */,
			);
			runOnlyForDeploymentPostprocessing = 0;
		};
/* End PBXFrameworksBuildPhase section */

/* Begin PBXGroup section */
		58F40145C1BA1D59055AC7AA /* Resources */ = {
			isa = PBXGroup;
			children = (
				26BDA9672AB44D0877EB4CEB /* daily-verse-feed.json */,
			);
			path = Resources;
			sourceTree = "<group>";
		};
		6FDFF88D559699C676A60475 /* iOS */ = {
			isa = PBXGroup;
			children = (
				27CFC01EDC5A94196BF7C862 /* Foundation.framework */,
			);
			name = iOS;
			sourceTree = "<group>";
		};
		B4C4543B2F5ABA1300282297 = {
			isa = PBXGroup;
			children = (
				B4C454462F5ABA1300282297 /* onevisioon */,
				B4C454562F5ABA1400282297 /* onevisioonTests */,
				B4C454602F5ABA1400282297 /* onevisioonUITests */,
				B4C454452F5ABA1300282297 /* Products */,
				BEF34805723FD002FCE5729B /* Frameworks */,
				FC0DEB0571D4C1A4F4B48EFC /* onevisioonWidgets */,
			);
			sourceTree = "<group>";
		};
		B4C454452F5ABA1300282297 /* Products */ = {
			isa = PBXGroup;
			children = (
				B4C454442F5ABA1300282297 /* onevisioon.app */,
				B4C454532F5ABA1400282297 /* onevisioonTests.xctest */,
				B4C4545D2F5ABA1400282297 /* onevisioonUITests.xctest */,
				17D2E6FBDD9F3F0A88538D19 /* onevisioonWidgets.appex */,
			);
			name = Products;
			sourceTree = "<group>";
		};
		BEF34805723FD002FCE5729B /* Frameworks */ = {
			isa = PBXGroup;
			children = (
				6FDFF88D559699C676A60475 /* iOS */,
			);
			name = Frameworks;
			sourceTree = "<group>";
		};
		FC0DEB0571D4C1A4F4B48EFC /* onevisioonWidgets */ = {
			isa = PBXGroup;
			children = (
				04C57439DA3EF6A01CFF717F /* onevisioonWidgetsBundle.swift */,
				2CB680D997312217AFBB4AD8 /* DailyVerseWidget.swift */,
				832D1055B061E59DDDEBDAD6 /* Info.plist */,
				58F40145C1BA1D59055AC7AA /* Resources */,
			);
			path = onevisioonWidgets;
			sourceTree = "<group>";
		};
/* End PBXGroup section */

/* Begin PBXNativeTarget section */
		2C645A1827648ECB7935096C /* onevisioonWidgets */ = {
			isa = PBXNativeTarget;
			buildConfigurationList = 3D2D069F2F2DCE99EA9E2AAB /* Build configuration list for PBXNativeTarget "onevisioonWidgets" */;
			buildPhases = (
				D8DC276BB54921F98D19B7BA /* Sources */,
				F979FB0F14A29A2633295E06 /* Frameworks */,
				D5A204EC4C8B1E4146E20439 /* Resources */,
			);
			buildRules = (
			);
			dependencies = (
			);
			name = onevisioonWidgets;
			productName = onevisioonWidgets;
			productReference = 17D2E6FBDD9F3F0A88538D19 /* onevisioonWidgets.appex */;
			productType = "com.apple.product-type.app-extension";
		};
		B4C454432F5ABA1300282297 /* onevisioon */ = {
			isa = PBXNativeTarget;
			buildConfigurationList = B4C454672F5ABA1400282297 /* Build configuration list for PBXNativeTarget "onevisioon" */;
			buildPhases = (
				B4C454402F5ABA1300282297 /* Sources */,
				B4C454412F5ABA1300282297 /* Frameworks */,
				B4C454422F5ABA1300282297 /* Resources */,
				4F9606FBF8DFB0ABC7670C6C /* Embed App Extensions */,
			);
			buildRules = (
			);
			dependencies = (
				3F9B094C8A148E243C5665B5 /* PBXTargetDependency */,
			);
			fileSystemSynchronizedGroups = (
				B4C454462F5ABA1300282297 /* onevisioon */,
			);
			name = onevisioon;
			productName = onevisioon;
			productReference = B4C454442F5ABA1300282297 /* onevisioon.app */;
			productType = "com.apple.product-type.application";
		};
		B4C454522F5ABA1400282297 /* onevisioonTests */ = {
			isa = PBXNativeTarget;
			buildConfigurationList = B4C4546A2F5ABA1400282297 /* Build configuration list for PBXNativeTarget "onevisioonTests" */;
			buildPhases = (
				B4C4544F2F5ABA1400282297 /* Sources */,
				B4C454502F5ABA1400282297 /* Frameworks */,
				B4C454512F5ABA1400282297 /* Resources */,
			);
			buildRules = (
			);
			dependencies = (
				B4C454552F5ABA1400282297 /* PBXTargetDependency */,
			);
			fileSystemSynchronizedGroups = (
				B4C454562F5ABA1400282297 /* onevisioonTests */,
			);
			name = onevisioonTests;
			productName = onevisioonTests;
			productReference = B4C454532F5ABA1400282297 /* onevisioonTests.xctest */;
			productType = "com.apple.product-type.bundle.unit-test";
		};
		B4C4545C2F5ABA1400282297 /* onevisioonUITests */ = {
			isa = PBXNativeTarget;
			buildConfigurationList = B4C4546D2F5ABA1400282297 /* Build configuration list for PBXNativeTarget "onevisioonUITests" */;
			buildPhases = (
				B4C454592F5ABA1400282297 /* Sources */,
				B4C4545A2F5ABA1400282297 /* Frameworks */,
				B4C4545B2F5ABA1400282297 /* Resources */,
			);
			buildRules = (
			);
			dependencies = (
				B4C4545F2F5ABA1400282297 /* PBXTargetDependency */,
			);
			fileSystemSynchronizedGroups = (
				B4C454602F5ABA1400282297 /* onevisioonUITests */,
			);
			name = onevisioonUITests;
			productName = onevisioonUITests;
			productReference = B4C4545D2F5ABA1400282297 /* onevisioonUITests.xctest */;
			productType = "com.apple.product-type.bundle.ui-testing";
		};
/* End PBXNativeTarget section */

/* Begin PBXProject section */
		B4C4543C2F5ABA1300282297 /* Project object */ = {
			isa = PBXProject;
			attributes = {
				BuildIndependentTargetsInParallel = 1;
				LastSwiftUpdateCheck = 2600;
				LastUpgradeCheck = 2600;
				TargetAttributes = {
					2C645A1827648ECB7935096C = {
						CreatedOnToolsVersion = 26.0.1;
					};
					B4C454432F5ABA1300282297 = {
						CreatedOnToolsVersion = 26.0.1;
						SystemCapabilities = {
							com.apple.InAppPurchase = {
								enabled = 1;
							};
							com.apple.SignInWithApple = {
								enabled = 1;
							};
						};
					};
					B4C454522F5ABA1400282297 = {
						CreatedOnToolsVersion = 26.0.1;
						TestTargetID = B4C454432F5ABA1300282297;
					};
					B4C4545C2F5ABA1400282297 = {
						CreatedOnToolsVersion = 26.0.1;
						TestTargetID = B4C454432F5ABA1300282297;
					};
				};
			};
			buildConfigurationList = B4C4543F2F5ABA1300282297 /* Build configuration list for PBXProject "onevisioon" */;
			developmentRegion = en;
			hasScannedForEncodings = 0;
			knownRegions = (
				en,
				Base,
			);
			mainGroup = B4C4543B2F5ABA1300282297;
			minimizedProjectReferenceProxies = 1;
			preferredProjectObjectVersion = 77;
			productRefGroup = B4C454452F5ABA1300282297 /* Products */;
			projectDirPath = "";
			projectRoot = "";
			targets = (
				B4C454432F5ABA1300282297 /* onevisioon */,
				B4C454522F5ABA1400282297 /* onevisioonTests */,
				B4C4545C2F5ABA1400282297 /* onevisioonUITests */,
				2C645A1827648ECB7935096C /* onevisioonWidgets */,
			);
		};
/* End PBXProject section */

/* Begin PBXResourcesBuildPhase section */
		B4C454422F5ABA1300282297 /* Resources */ = {
			isa = PBXResourcesBuildPhase;
			buildActionMask = 2147483647;
			files = (
			);
			runOnlyForDeploymentPostprocessing = 0;
		};
		B4C454512F5ABA1400282297 /* Resources */ = {
			isa = PBXResourcesBuildPhase;
			buildActionMask = 2147483647;
			files = (
			);
			runOnlyForDeploymentPostprocessing = 0;
		};
		B4C4545B2F5ABA1400282297 /* Resources */ = {
			isa = PBXResourcesBuildPhase;
			buildActionMask = 2147483647;
			files = (
			);
			runOnlyForDeploymentPostprocessing = 0;
		};
		D5A204EC4C8B1E4146E20439 /* Resources */ = {
			isa = PBXResourcesBuildPhase;
			buildActionMask = 2147483647;
			files = (
				3D311E4CCE20732617BF000E /* daily-verse-feed.json in Resources */,
			);
			runOnlyForDeploymentPostprocessing = 0;
		};
/* End PBXResourcesBuildPhase section */

/* Begin PBXSourcesBuildPhase section */
		B4C454402F5ABA1300282297 /* Sources */ = {
			isa = PBXSourcesBuildPhase;
			buildActionMask = 2147483647;
			files = (
			);
			runOnlyForDeploymentPostprocessing = 0;
		};
		B4C4544F2F5ABA1400282297 /* Sources */ = {
			isa = PBXSourcesBuildPhase;
			buildActionMask = 2147483647;
			files = (
			);
			runOnlyForDeploymentPostprocessing = 0;
		};
		B4C454592F5ABA1400282297 /* Sources */ = {
			isa = PBXSourcesBuildPhase;
			buildActionMask = 2147483647;
			files = (
			);
			runOnlyForDeploymentPostprocessing = 0;
		};
		D8DC276BB54921F98D19B7BA /* Sources */ = {
			isa = PBXSourcesBuildPhase;
			buildActionMask = 2147483647;
			files = (
				A0C6A42D66C6FDDDAB7877F8 /* onevisioonWidgetsBundle.swift in Sources */,
				4A18BBEC1BC8CFFE17FC6A28 /* DailyVerseWidget.swift in Sources */,
			);
			runOnlyForDeploymentPostprocessing = 0;
		};
/* End PBXSourcesBuildPhase section */

/* Begin PBXTargetDependency section */
		3F9B094C8A148E243C5665B5 /* PBXTargetDependency */ = {
			isa = PBXTargetDependency;
			name = onevisioonWidgets;
			target = 2C645A1827648ECB7935096C /* onevisioonWidgets */;
			targetProxy = D97F46CE14E76FC05A7772DE /* PBXContainerItemProxy */;
		};
		B4C454552F5ABA1400282297 /* PBXTargetDependency */ = {
			isa = PBXTargetDependency;
			target = B4C454432F5ABA1300282297 /* onevisioon */;
			targetProxy = B4C454542F5ABA1400282297 /* PBXContainerItemProxy */;
		};
		B4C4545F2F5ABA1400282297 /* PBXTargetDependency */ = {
			isa = PBXTargetDependency;
			target = B4C454432F5ABA1300282297 /* onevisioon */;
			targetProxy = B4C4545E2F5ABA1400282297 /* PBXContainerItemProxy */;
		};
/* End PBXTargetDependency section */

/* Begin XCBuildConfiguration section */
		54E924C6E96EF9C57458BC55 /* Debug */ = {
			isa = XCBuildConfiguration;
			buildSettings = {
				APPLICATION_EXTENSION_API_ONLY = YES;
				CLANG_ENABLE_OBJC_WEAK = NO;
				CODE_SIGN_STYLE = Automatic;
				CURRENT_PROJECT_VERSION = 2;
				DEVELOPMENT_TEAM = MSRN67DLBY;
				GENERATE_INFOPLIST_FILE = NO;
				INFOPLIST_FILE = onevisioonWidgets/Info.plist;
				IPHONEOS_DEPLOYMENT_TARGET = 26.0;
				LD_RUNPATH_SEARCH_PATHS = (
					"$(inherited)",
					"@executable_path/Frameworks",
					"@executable_path/../../Frameworks",
				);
				MARKETING_VERSION = 1.0;
				PRODUCT_BUNDLE_IDENTIFIER = vsn.onevisioon.widgets;
				PRODUCT_NAME = "$(TARGET_NAME)";
				SDKROOT = iphoneos;
				SKIP_INSTALL = YES;
				STRING_CATALOG_GENERATE_SYMBOLS = YES;
				SWIFT_APPROACHABLE_CONCURRENCY = YES;
				SWIFT_DEFAULT_ACTOR_ISOLATION = MainActor;
				SWIFT_EMIT_LOC_STRINGS = YES;
				SWIFT_UPCOMING_FEATURE_MEMBER_IMPORT_VISIBILITY = YES;
				SWIFT_VERSION = 5.0;
				TARGETED_DEVICE_FAMILY = "1,2";
			};
			name = Debug;
		};
		B4C454652F5ABA1400282297 /* Debug */ = {
			isa = XCBuildConfiguration;
			buildSettings = {
				ALWAYS_SEARCH_USER_PATHS = NO;
				ASSETCATALOG_COMPILER_GENERATE_SWIFT_ASSET_SYMBOL_EXTENSIONS = YES;
				CLANG_ANALYZER_NONNULL = YES;
				CLANG_ANALYZER_NUMBER_OBJECT_CONVERSION = YES_AGGRESSIVE;
				CLANG_CXX_LANGUAGE_STANDARD = "gnu++20";
				CLANG_ENABLE_MODULES = YES;
				CLANG_ENABLE_OBJC_ARC = YES;
				CLANG_ENABLE_OBJC_WEAK = YES;
				CLANG_WARN_BLOCK_CAPTURE_AUTORELEASING = YES;
				CLANG_WARN_BOOL_CONVERSION = YES;
				CLANG_WARN_COMMA = YES;
				CLANG_WARN_CONSTANT_CONVERSION = YES;
				CLANG_WARN_DEPRECATED_OBJC_IMPLEMENTATIONS = YES;
				CLANG_WARN_DIRECT_OBJC_ISA_USAGE = YES_ERROR;
				CLANG_WARN_DOCUMENTATION_COMMENTS = YES;
				CLANG_WARN_EMPTY_BODY = YES;
				CLANG_WARN_ENUM_CONVERSION = YES;
				CLANG_WARN_INFINITE_RECURSION = YES;
				CLANG_WARN_INT_CONVERSION = YES;
				CLANG_WARN_NON_LITERAL_NULL_CONVERSION = YES;
				CLANG_WARN_OBJC_IMPLICIT_RETAIN_SELF = YES;
				CLANG_WARN_OBJC_LITERAL_CONVERSION = YES;
				CLANG_WARN_OBJC_ROOT_CLASS = YES_ERROR;
				CLANG_WARN_QUOTED_INCLUDE_IN_FRAMEWORK_HEADER = YES;
				CLANG_WARN_RANGE_LOOP_ANALYSIS = YES;
				CLANG_WARN_STRICT_PROTOTYPES = YES;
				CLANG_WARN_SUSPICIOUS_MOVE = YES;
				CLANG_WARN_UNGUARDED_AVAILABILITY = YES_AGGRESSIVE;
				CLANG_WARN_UNREACHABLE_CODE = YES;
				CLANG_WARN__DUPLICATE_METHOD_MATCH = YES;
				COPY_PHASE_STRIP = NO;
				DEBUG_INFORMATION_FORMAT = dwarf;
				ENABLE_STRICT_OBJC_MSGSEND = YES;
				ENABLE_TESTABILITY = YES;
				ENABLE_USER_SCRIPT_SANDBOXING = YES;
				GCC_C_LANGUAGE_STANDARD = gnu17;
				GCC_DYNAMIC_NO_PIC = NO;
				GCC_NO_COMMON_BLOCKS = YES;
				GCC_OPTIMIZATION_LEVEL = 0;
				GCC_PREPROCESSOR_DEFINITIONS = (
					"DEBUG=1",
					"$(inherited)",
				);
				GCC_WARN_64_TO_32_BIT_CONVERSION = YES;
				GCC_WARN_ABOUT_RETURN_TYPE = YES_ERROR;
				GCC_WARN_UNDECLARED_SELECTOR = YES;
				GCC_WARN_UNINITIALIZED_AUTOS = YES_AGGRESSIVE;
				GCC_WARN_UNUSED_FUNCTION = YES;
				GCC_WARN_UNUSED_VARIABLE = YES;
				IPHONEOS_DEPLOYMENT_TARGET = 26.0;
				LOCALIZATION_PREFERS_STRING_CATALOGS = YES;
				MTL_ENABLE_DEBUG_INFO = INCLUDE_SOURCE;
				MTL_FAST_MATH = YES;
				ONLY_ACTIVE_ARCH = YES;
				SDKROOT = iphoneos;
				SWIFT_ACTIVE_COMPILATION_CONDITIONS = "DEBUG $(inherited)";
				SWIFT_OPTIMIZATION_LEVEL = "-Onone";
			};
			name = Debug;
		};
		B4C454662F5ABA1400282297 /* Release */ = {
			isa = XCBuildConfiguration;
			buildSettings = {
				ALWAYS_SEARCH_USER_PATHS = NO;
				ASSETCATALOG_COMPILER_GENERATE_SWIFT_ASSET_SYMBOL_EXTENSIONS = YES;
				CLANG_ANALYZER_NONNULL = YES;
				CLANG_ANALYZER_NUMBER_OBJECT_CONVERSION = YES_AGGRESSIVE;
				CLANG_CXX_LANGUAGE_STANDARD = "gnu++20";
				CLANG_ENABLE_MODULES = YES;
				CLANG_ENABLE_OBJC_ARC = YES;
				CLANG_ENABLE_OBJC_WEAK = YES;
				CLANG_WARN_BLOCK_CAPTURE_AUTORELEASING = YES;
				CLANG_WARN_BOOL_CONVERSION = YES;
				CLANG_WARN_COMMA = YES;
				CLANG_WARN_CONSTANT_CONVERSION = YES;
				CLANG_WARN_DEPRECATED_OBJC_IMPLEMENTATIONS = YES;
				CLANG_WARN_DIRECT_OBJC_ISA_USAGE = YES_ERROR;
				CLANG_WARN_DOCUMENTATION_COMMENTS = YES;
				CLANG_WARN_EMPTY_BODY = YES;
				CLANG_WARN_ENUM_CONVERSION = YES;
				CLANG_WARN_INFINITE_RECURSION = YES;
				CLANG_WARN_INT_CONVERSION = YES;
				CLANG_WARN_NON_LITERAL_NULL_CONVERSION = YES;
				CLANG_WARN_OBJC_IMPLICIT_RETAIN_SELF = YES;
				CLANG_WARN_OBJC_LITERAL_CONVERSION = YES;
				CLANG_WARN_OBJC_ROOT_CLASS = YES_ERROR;
				CLANG_WARN_QUOTED_INCLUDE_IN_FRAMEWORK_HEADER = YES;
				CLANG_WARN_RANGE_LOOP_ANALYSIS = YES;
				CLANG_WARN_STRICT_PROTOTYPES = YES;
				CLANG_WARN_SUSPICIOUS_MOVE = YES;
				CLANG_WARN_UNGUARDED_AVAILABILITY = YES_AGGRESSIVE;
				CLANG_WARN_UNREACHABLE_CODE = YES;
				CLANG_WARN__DUPLICATE_METHOD_MATCH = YES;
				COPY_PHASE_STRIP = NO;
				DEBUG_INFORMATION_FORMAT = "dwarf-with-dsym";
				ENABLE_NS_ASSERTIONS = NO;
				ENABLE_STRICT_OBJC_MSGSEND = YES;
				ENABLE_USER_SCRIPT_SANDBOXING = YES;
				GCC_C_LANGUAGE_STANDARD = gnu17;
				GCC_NO_COMMON_BLOCKS = YES;
				GCC_WARN_64_TO_32_BIT_CONVERSION = YES;
				GCC_WARN_ABOUT_RETURN_TYPE = YES_ERROR;
				GCC_WARN_UNDECLARED_SELECTOR = YES;
				GCC_WARN_UNINITIALIZED_AUTOS = YES_AGGRESSIVE;
				GCC_WARN_UNUSED_FUNCTION = YES;
				GCC_WARN_UNUSED_VARIABLE = YES;
				IPHONEOS_DEPLOYMENT_TARGET = 26.0;
				LOCALIZATION_PREFERS_STRING_CATALOGS = YES;
				MTL_ENABLE_DEBUG_INFO = NO;
				MTL_FAST_MATH = YES;
				SDKROOT = iphoneos;
				SWIFT_COMPILATION_MODE = wholemodule;
				VALIDATE_PRODUCT = YES;
			};
			name = Release;
		};
		B4C454682F5ABA1400282297 /* Debug */ = {
			isa = XCBuildConfiguration;
			buildSettings = {
				ASSETCATALOG_COMPILER_APPICON_NAME = AppIcon;
				ASSETCATALOG_COMPILER_GLOBAL_ACCENT_COLOR_NAME = AccentColor;
				CODE_SIGN_ENTITLEMENTS = onevisioon/onevisioon.entitlements;
				CODE_SIGN_STYLE = Automatic;
				CURRENT_PROJECT_VERSION = 2;
				DEVELOPMENT_TEAM = MSRN67DLBY;
				ENABLE_PREVIEWS = YES;
				GENERATE_INFOPLIST_FILE = NO;
				INFOPLIST_FILE = AppInfo.plist;
				INFOPLIST_KEY_CFBundleDisplayName = "one visioon";
				INFOPLIST_KEY_LSApplicationCategoryType = "public.app-category.education";
				INFOPLIST_KEY_UIApplicationSceneManifest_Generation = YES;
				INFOPLIST_KEY_UIApplicationSupportsIndirectInputEvents = YES;
				INFOPLIST_KEY_UILaunchScreen_Generation = YES;
				INFOPLIST_KEY_UISupportedInterfaceOrientations_iPad = "UIInterfaceOrientationPortrait UIInterfaceOrientationPortraitUpsideDown UIInterfaceOrientationLandscapeLeft UIInterfaceOrientationLandscapeRight";
				INFOPLIST_KEY_UISupportedInterfaceOrientations_iPhone = "UIInterfaceOrientationPortrait UIInterfaceOrientationLandscapeLeft UIInterfaceOrientationLandscapeRight";
				INFOPLIST_KEY_UIUserInterfaceStyle = Light;
				LD_RUNPATH_SEARCH_PATHS = (
					"$(inherited)",
					"@executable_path/Frameworks",
				);
				MARKETING_VERSION = 1.0;
				PRODUCT_BUNDLE_IDENTIFIER = vsn.onevisioon;
				PRODUCT_NAME = "$(TARGET_NAME)";
				STRING_CATALOG_GENERATE_SYMBOLS = YES;
				SWIFT_APPROACHABLE_CONCURRENCY = YES;
				SWIFT_DEFAULT_ACTOR_ISOLATION = MainActor;
				SWIFT_EMIT_LOC_STRINGS = YES;
				SWIFT_UPCOMING_FEATURE_MEMBER_IMPORT_VISIBILITY = YES;
				SWIFT_VERSION = 5.0;
				TARGETED_DEVICE_FAMILY = "1,2";
			};
			name = Debug;
		};
		B4C454692F5ABA1400282297 /* Release */ = {
			isa = XCBuildConfiguration;
			buildSettings = {
				ASSETCATALOG_COMPILER_APPICON_NAME = AppIcon;
				ASSETCATALOG_COMPILER_GLOBAL_ACCENT_COLOR_NAME = AccentColor;
				CODE_SIGN_ENTITLEMENTS = onevisioon/onevisioon.entitlements;
				CODE_SIGN_STYLE = Automatic;
				CURRENT_PROJECT_VERSION = 2;
				DEVELOPMENT_TEAM = MSRN67DLBY;
				ENABLE_PREVIEWS = YES;
				GENERATE_INFOPLIST_FILE = NO;
				INFOPLIST_FILE = AppInfo.plist;
				INFOPLIST_KEY_CFBundleDisplayName = "one visioon";
				INFOPLIST_KEY_LSApplicationCategoryType = "public.app-category.education";
				INFOPLIST_KEY_UIApplicationSceneManifest_Generation = YES;
				INFOPLIST_KEY_UIApplicationSupportsIndirectInputEvents = YES;
				INFOPLIST_KEY_UILaunchScreen_Generation = YES;
				INFOPLIST_KEY_UISupportedInterfaceOrientations_iPad = "UIInterfaceOrientationPortrait UIInterfaceOrientationPortraitUpsideDown UIInterfaceOrientationLandscapeLeft UIInterfaceOrientationLandscapeRight";
				INFOPLIST_KEY_UISupportedInterfaceOrientations_iPhone = "UIInterfaceOrientationPortrait UIInterfaceOrientationLandscapeLeft UIInterfaceOrientationLandscapeRight";
				INFOPLIST_KEY_UIUserInterfaceStyle = Light;
				LD_RUNPATH_SEARCH_PATHS = (
					"$(inherited)",
					"@executable_path/Frameworks",
				);
				MARKETING_VERSION = 1.0;
				PRODUCT_BUNDLE_IDENTIFIER = vsn.onevisioon;
				PRODUCT_NAME = "$(TARGET_NAME)";
				STRING_CATALOG_GENERATE_SYMBOLS = YES;
				SWIFT_APPROACHABLE_CONCURRENCY = YES;
				SWIFT_DEFAULT_ACTOR_ISOLATION = MainActor;
				SWIFT_EMIT_LOC_STRINGS = YES;
				SWIFT_UPCOMING_FEATURE_MEMBER_IMPORT_VISIBILITY = YES;
				SWIFT_VERSION = 5.0;
				TARGETED_DEVICE_FAMILY = "1,2";
			};
			name = Release;
		};
		B4C4546B2F5ABA1400282297 /* Debug */ = {
			isa = XCBuildConfiguration;
			buildSettings = {
				BUNDLE_LOADER = "$(TEST_HOST)";
				CODE_SIGN_STYLE = Automatic;
				CURRENT_PROJECT_VERSION = 2;
				DEVELOPMENT_TEAM = MSRN67DLBY;
				GENERATE_INFOPLIST_FILE = YES;
				IPHONEOS_DEPLOYMENT_TARGET = 26.0;
				MARKETING_VERSION = 1.0;
				PRODUCT_BUNDLE_IDENTIFIER = vsn.onevisioonTests;
				PRODUCT_NAME = "$(TARGET_NAME)";
				STRING_CATALOG_GENERATE_SYMBOLS = NO;
				SWIFT_APPROACHABLE_CONCURRENCY = YES;
				SWIFT_EMIT_LOC_STRINGS = NO;
				SWIFT_UPCOMING_FEATURE_MEMBER_IMPORT_VISIBILITY = YES;
				SWIFT_VERSION = 5.0;
				TARGETED_DEVICE_FAMILY = "1,2";
				TEST_HOST = "$(BUILT_PRODUCTS_DIR)/onevisioon.app/$(BUNDLE_EXECUTABLE_FOLDER_PATH)/onevisioon";
			};
			name = Debug;
		};
		B4C4546C2F5ABA1400282297 /* Release */ = {
			isa = XCBuildConfiguration;
			buildSettings = {
				BUNDLE_LOADER = "$(TEST_HOST)";
				CODE_SIGN_STYLE = Automatic;
				CURRENT_PROJECT_VERSION = 2;
				DEVELOPMENT_TEAM = MSRN67DLBY;
				GENERATE_INFOPLIST_FILE = YES;
				IPHONEOS_DEPLOYMENT_TARGET = 26.0;
				MARKETING_VERSION = 1.0;
				PRODUCT_BUNDLE_IDENTIFIER = vsn.onevisioonTests;
				PRODUCT_NAME = "$(TARGET_NAME)";
				STRING_CATALOG_GENERATE_SYMBOLS = NO;
				SWIFT_APPROACHABLE_CONCURRENCY = YES;
				SWIFT_EMIT_LOC_STRINGS = NO;
				SWIFT_UPCOMING_FEATURE_MEMBER_IMPORT_VISIBILITY = YES;
				SWIFT_VERSION = 5.0;
				TARGETED_DEVICE_FAMILY = "1,2";
				TEST_HOST = "$(BUILT_PRODUCTS_DIR)/onevisioon.app/$(BUNDLE_EXECUTABLE_FOLDER_PATH)/onevisioon";
			};
			name = Release;
		};
		B4C4546E2F5ABA1400282297 /* Debug */ = {
			isa = XCBuildConfiguration;
			buildSettings = {
				CODE_SIGN_STYLE = Automatic;
				CURRENT_PROJECT_VERSION = 2;
				DEVELOPMENT_TEAM = MSRN67DLBY;
				GENERATE_INFOPLIST_FILE = YES;
				MARKETING_VERSION = 1.0;
				PRODUCT_BUNDLE_IDENTIFIER = vsn.onevisioonUITests;
				PRODUCT_NAME = "$(TARGET_NAME)";
				STRING_CATALOG_GENERATE_SYMBOLS = NO;
				SWIFT_APPROACHABLE_CONCURRENCY = YES;
				SWIFT_EMIT_LOC_STRINGS = NO;
				SWIFT_UPCOMING_FEATURE_MEMBER_IMPORT_VISIBILITY = YES;
				SWIFT_VERSION = 5.0;
				TARGETED_DEVICE_FAMILY = "1,2";
				TEST_TARGET_NAME = onevisioon;
			};
			name = Debug;
		};
		B4C4546F2F5ABA1400282297 /* Release */ = {
			isa = XCBuildConfiguration;
			buildSettings = {
				CODE_SIGN_STYLE = Automatic;
				CURRENT_PROJECT_VERSION = 2;
				DEVELOPMENT_TEAM = MSRN67DLBY;
				GENERATE_INFOPLIST_FILE = YES;
				MARKETING_VERSION = 1.0;
				PRODUCT_BUNDLE_IDENTIFIER = vsn.onevisioonUITests;
				PRODUCT_NAME = "$(TARGET_NAME)";
				STRING_CATALOG_GENERATE_SYMBOLS = NO;
				SWIFT_APPROACHABLE_CONCURRENCY = YES;
				SWIFT_EMIT_LOC_STRINGS = NO;
				SWIFT_UPCOMING_FEATURE_MEMBER_IMPORT_VISIBILITY = YES;
				SWIFT_VERSION = 5.0;
				TARGETED_DEVICE_FAMILY = "1,2";
				TEST_TARGET_NAME = onevisioon;
			};
			name = Release;
		};
		FDEC8407259855E009CFE58E /* Release */ = {
			isa = XCBuildConfiguration;
			buildSettings = {
				APPLICATION_EXTENSION_API_ONLY = YES;
				CLANG_ENABLE_OBJC_WEAK = NO;
				CODE_SIGN_STYLE = Automatic;
				CURRENT_PROJECT_VERSION = 2;
				DEVELOPMENT_TEAM = MSRN67DLBY;
				GENERATE_INFOPLIST_FILE = NO;
				INFOPLIST_FILE = onevisioonWidgets/Info.plist;
				IPHONEOS_DEPLOYMENT_TARGET = 26.0;
				LD_RUNPATH_SEARCH_PATHS = (
					"$(inherited)",
					"@executable_path/Frameworks",
					"@executable_path/../../Frameworks",
				);
				MARKETING_VERSION = 1.0;
				PRODUCT_BUNDLE_IDENTIFIER = vsn.onevisioon.widgets;
				PRODUCT_NAME = "$(TARGET_NAME)";
				SDKROOT = iphoneos;
				SKIP_INSTALL = YES;
				STRING_CATALOG_GENERATE_SYMBOLS = YES;
				SWIFT_APPROACHABLE_CONCURRENCY = YES;
				SWIFT_DEFAULT_ACTOR_ISOLATION = MainActor;
				SWIFT_EMIT_LOC_STRINGS = YES;
				SWIFT_UPCOMING_FEATURE_MEMBER_IMPORT_VISIBILITY = YES;
				SWIFT_VERSION = 5.0;
				TARGETED_DEVICE_FAMILY = "1,2";
				VALIDATE_PRODUCT = YES;
			};
			name = Release;
		};
/* End XCBuildConfiguration section */

/* Begin XCConfigurationList section */
		3D2D069F2F2DCE99EA9E2AAB /* Build configuration list for PBXNativeTarget "onevisioonWidgets" */ = {
			isa = XCConfigurationList;
			buildConfigurations = (
				FDEC8407259855E009CFE58E /* Release */,
				54E924C6E96EF9C57458BC55 /* Debug */,
			);
			defaultConfigurationIsVisible = 0;
			defaultConfigurationName = Release;
		};
		B4C4543F2F5ABA1300282297 /* Build configuration list for PBXProject "onevisioon" */ = {
			isa = XCConfigurationList;
			buildConfigurations = (
				B4C454652F5ABA1400282297 /* Debug */,
				B4C454662F5ABA1400282297 /* Release */,
			);
			defaultConfigurationIsVisible = 0;
			defaultConfigurationName = Release;
		};
		B4C454672F5ABA1400282297 /* Build configuration list for PBXNativeTarget "onevisioon" */ = {
			isa = XCConfigurationList;
			buildConfigurations = (
				B4C454682F5ABA1400282297 /* Debug */,
				B4C454692F5ABA1400282297 /* Release */,
			);
			defaultConfigurationIsVisible = 0;
			defaultConfigurationName = Release;
		};
		B4C4546A2F5ABA1400282297 /* Build configuration list for PBXNativeTarget "onevisioonTests" */ = {
			isa = XCConfigurationList;
			buildConfigurations = (
				B4C4546B2F5ABA1400282297 /* Debug */,
				B4C4546C2F5ABA1400282297 /* Release */,
			);
			defaultConfigurationIsVisible = 0;
			defaultConfigurationName = Release;
		};
		B4C4546D2F5ABA1400282297 /* Build configuration list for PBXNativeTarget "onevisioonUITests" */ = {
			isa = XCConfigurationList;
			buildConfigurations = (
				B4C4546E2F5ABA1400282297 /* Debug */,
				B4C4546F2F5ABA1400282297 /* Release */,
			);
			defaultConfigurationIsVisible = 0;
			defaultConfigurationName = Release;
		};
/* End XCConfigurationList section */
	};
	rootObject = B4C4543C2F5ABA1300282297 /* Project object */;
}
